
Microsoft Visual Studio Solution File, Format Version 12.00
# Visual Studio Version 17
VisualStudioVersion = 17.9.34714.143
MinimumVisualStudioVersion = 10.0.40219.1
Project("{FAE04EC0-301F-11D3-BF4B-00C04F79EFBC}") = "QuanLyNhanSu", "QuanLyNhanSu.csproj", "{F82F84FE-15F5-49C9-B3F8-1581E31B6D62}"
EndProject
Project("{54435603-DBB4-11D2-8724-00A0C9A8B90C}") = "HRMS", "..\HRMS\HRMS.vdproj", "{9AB1DE7E-07AA-411B-B088-430B52A7D675}"
EndProject
Global
	GlobalSection(SolutionConfigurationPlatforms) = preSolution
		Debug|Any CPU = Debug|Any CPU
		Release|Any CPU = Release|Any CPU
	EndGlobalSection
	GlobalSection(ProjectConfigurationPlatforms) = postSolution
		{F82F84FE-15F5-49C9-B3F8-1581E31B6D62}.Debug|Any CPU.ActiveCfg = Debug|Any CPU
		{F82F84FE-15F5-49C9-B3F8-1581E31B6D62}.Debug|Any CPU.Build.0 = Debug|Any CPU
		{F82F84FE-15F5-49C9-B3F8-1581E31B6D62}.Release|Any CPU.ActiveCfg = Release|Any CPU
		{F82F84FE-15F5-49C9-B3F8-1581E31B6D62}.Release|Any CPU.Build.0 = Release|Any CPU
		{9AB1DE7E-07AA-411B-B088-430B52A7D675}.Debug|Any CPU.ActiveCfg = Debug
		{9AB1DE7E-07AA-411B-B088-430B52A7D675}.Release|Any CPU.ActiveCfg = Release
	EndGlobalSection
	GlobalSection(SolutionProperties) = preSolution
		HideSolutionNode = FALSE
	EndGlobalSection
	GlobalSection(ExtensibilityGlobals) = postSolution
		SolutionGuid = {3EFDE555-A224-43DB-8E72-545A77FE4FFC}
	EndGlobalSection
EndGlobal
